defaultArtifactId=manhattan
defaultBasePackageId=mb.manhattan
shared.defaultPackageId=mb.manhattan
shared.defaultGroupId=org.metaborg
shared.defaultArtifactId=manhattan
shared.defaultClassPrefix=Manhattan
shared.defaultVersion=0.1.0
defaultGroupId=org.metaborg
defaultClassPrefix=Manhattan
defaultVersion=0.1.0
