defaultArtifactId=manhattan
defaultBasePackageId=mb.manhattan
defaultClassPrefix=Manhattan
defaultGroupId=org.metaborg
defaultVersion=0.1.0
shared.defaultArtifactId=manhattan
shared.defaultClassPrefix=Manhattan
shared.defaultGroupId=org.metaborg
shared.defaultPackageId=mb.manhattan
shared.defaultVersion=0.1.0
